{
  "name": "frontend",
  "lockfileVersion": 3,
  "packages": {
    "": {
      "name": "frontend",
      "dependencies": {
        "trustdiff-fixture-lib": "^1.0.0"
      }
    },
    "node_modules/trustdiff-fixture-lib": {
      "version": "1.0.0",
      "resolved": "https://registry.npmjs.org/trustdiff-fixture-lib/-/trustdiff-fixture-lib-1.0.0.tgz"
    }
  }
}
