{
  "name": "f1-unknown-package-git-source",
  "lockfileVersion": 3,
  "requires": true,
  "packages": {
    "": {
      "name": "f1-unknown-package-git-source",
      "dependencies": {
        "trustdiff-fixture-exotic": "git+https://github.com/example/trustdiff-fixture-exotic.git#main"
      }
    },
    "node_modules/trustdiff-fixture-exotic": {
      "version": "1.0.0",
      "resolved": "git+https://github.com/example/trustdiff-fixture-exotic.git#main"
    }
  }
}
