{
  "name": "f2-lockfile-entry-changed",
  "lockfileVersion": 3,
  "requires": true,
  "packages": {
    "": {
      "name": "f2-lockfile-entry-changed",
      "dependencies": {
        "trustdiff-fixture-lib": "^1.0.0"
      }
    },
    "node_modules/trustdiff-fixture-lib": {
      "version": "1.0.0",
      "resolved": "https://registry.npmjs.org/trustdiff-fixture-lib/-/trustdiff-fixture-lib-1.0.0.tgz",
      "integrity": "sha512-Zm9ydGhlbGli"
    }
  }
}
