{
  "name": "f7-dependency-introduced-in-between",
  "lockfileVersion": 3,
  "requires": true,
  "packages": {
    "": {
      "name": "f7-dependency-introduced-in-between",
      "dependencies": {
        "trustdiff-fixture-lib": "^2.0.0"
      }
    },
    "node_modules/trustdiff-fixture-crypto": {
      "version": "1.0.0",
      "resolved": "https://registry.npmjs.org/trustdiff-fixture-crypto/-/trustdiff-fixture-crypto-1.0.0.tgz",
      "integrity": "sha512-Y3J5cHRvLWpz"
    },
    "node_modules/trustdiff-fixture-lib": {
      "version": "2.0.0",
      "resolved": "https://registry.npmjs.org/trustdiff-fixture-lib/-/trustdiff-fixture-lib-2.0.0.tgz",
      "integrity": "sha512-Zm9ydGhlbGli"
    }
  }
}
