# Hand written for the parser tests: three tables no reader can make sense of, the
# project itself, and one good package after them, so that a partial parse stays a
# parse. uv did not write this file.
version = 1
requires-python = ">=3.12"

[[package]]
version = "1.0.0"
source = { registry = "https://pypi.org/simple" }

[[package]]
name = "no-version"
source = { registry = "https://pypi.org/simple" }

[[package]]
name = 42
version = "3.0.0"
source = { registry = "https://pypi.org/simple" }

[[package]]
name = "the-project"
version = "0.1.0"
source = { virtual = "." }
dependencies = [
    { name = "readable" },
]

[[package]]
name = "readable"
version = "2.0.0"
source = { registry = "https://pypi.org/simple" }
wheels = [
    { url = "https://files.pythonhosted.org/packages/ab/cd/readable-2.0.0-py3-none-any.whl", hash = "sha256:f5d71829304152637485960a1b2c3d4e5f60718293a4b5c6d7e8f90a1b2c3d4e", size = 3072 },
]
