# Hand written for the parser tests: three tables no reader can make sense of, and
# one good package after them, so that a partial parse stays a parse. Poetry did not
# write this file.

[[package]]
version = "1.0.0"
description = "no name, so there is nothing to look up"
optional = false
python-versions = "*"
groups = ["main"]

[[package]]
name = "no-version"
description = "no version, so there is nothing to evaluate"
optional = false
python-versions = "*"
groups = ["main"]

[[package]]
name = 42
version = "3.0.0"
description = "a name that is not a string"
optional = false
python-versions = "*"

[[package]]
name = "readable"
version = "1.0.0"
description = "the package the parser can still read"
optional = false
python-versions = "*"
groups = ["main"]
files = [
    {file = "readable-1.0.0.tar.gz", hash = "sha256:f3b90d2829d779e2a1d41dfb13fce758d02ab7e4438d005c4059c030b7c5b195"},
]

[metadata]
lock-version = "2.1"
python-versions = ">=3.9"
content-hash = "0b1c2d3e4f5a6b7c8d9e0f1a2b3c4d5e6f7a8b9c0d1e2f3a4b5c6d7e8f9a0b1c"
