{
  "version": "5",
  "specifiers": {
    "jsr:@david/console-static-text@0.3": "0.3.4",
    "jsr:@david/dax@0.45": "0.45.0",
    "jsr:@david/path@0.2": "0.2.0",
    "jsr:@david/which@~0.4.1": "0.4.2",
    "jsr:@deno/rust-automation@0.22": "0.22.4",
    "jsr:@std/assert@1": "1.0.14",
    "jsr:@std/async@^1.0.14": "1.0.14",
    "jsr:@std/bytes@^1.0.6": "1.0.6",
    "jsr:@std/fmt@1": "1.0.8",
    "jsr:@std/fmt@^1.0.8": "1.0.8",
    "jsr:@std/fs@1": "1.0.24",
    "jsr:@std/internal@^1.0.10": "1.0.14",
    "jsr:@std/internal@^1.0.14": "1.0.14",
    "jsr:@std/io@0.225": "0.225.3",
    "jsr:@std/path@1": "1.1.2",
    "jsr:@std/path@^1.1.5": "1.1.6",
    "jsr:@std/semver@^1.0.5": "1.0.8",
    "npm: