{
  "name": "f25-npm-name-grammar",
  "version": "1.0.0",
  "lockfileVersion": 3,
  "requires": true,
  "packages": {
    "": {
      "name": "f25-npm-name-grammar",
      "version": "1.0.0"
    },
    "node_modules/evil?trustdiff=1": {
      "version": "1.0.0",
      "resolved": "https://registry.npmjs.org/evil/-/evil-1.0.0.tgz",
      "integrity": "sha512-ZXZpbC0xLjAuMA=="
    },
    "node_modules/@scope/..": {
      "version": "1.0.0",
      "resolved": "https://registry.npmjs.org/@scope/x/-/x-1.0.0.tgz",
      "integrity": "sha512-c2NvcGUteC0xLjAuMA=="
    }
  }
}
