{
  "name": "f3-nested-duplicate-divergent-copy",
  "lockfileVersion": 3,
  "requires": true,
  "packages": {
    "": {
      "name": "f3-nested-duplicate-divergent-copy",
      "dependencies": {
        "trustdiff-fixture-lib": "^1.0.0",
        "trustdiff-fixture-wrapper": "^1.0.0"
      }
    },
    "node_modules/trustdiff-fixture-lib": {
      "version": "1.0.0",
      "resolved": "https://registry.npmjs.org/trustdiff-fixture-lib/-/trustdiff-fixture-lib-1.0.0.tgz",
      "integrity": "sha512-Zm9ydGhlbGli"
    },
    "node_modules/trustdiff-fixture-wrapper": {
      "version": "1.0.0",
      "resolved": "https://registry.npmjs.org/trustdiff-fixture-wrapper/-/trustdiff-fixture-wrapper-1.0.0.tgz",
      "integrity": "sha512-d3JhcHBlcg==",
      "dependencies": {
        "trustdiff-fixture-lib": "1.0.0"
      }
    },
    "node_modules/trustdiff-fixture-wrapper/node_modules/trustdiff-fixture-lib": {
      "version": "1.0.0",
      "resolved": "https://tarballs.example.com/trustdiff-fixture-lib.tgz"
    }
  }
}
