{
  "name": "trustdiff-demo-app",
  "version": "1.4.0",
  "lockfileVersion": 3,
  "requires": true,
  "packages": {
    "": {
      "name": "trustdiff-demo-app",
      "version": "1.4.0",
      "license": "MIT",
      "dependencies": {
        "demo-http-client": "^2.3.1",
        "trustdiff-demo-logger": "^1.8.4"
      },
      "devDependencies": {
        "demo-test-runner": "^4.2.1"
      },
      "engines": {
        "node": ">=20.11"
      }
    },
    "node_modules/demo-color-tty": {
      "version": "1.2.5",
      "resolved": "https://registry.npmjs.org/demo-color-tty/-/demo-color-tty-1.2.5.tgz",
      "integrity": "sha512-DW3YMsH1nA5OsxAah56tHnkoiI5y2xuIfGErSj2I9zYZ0tLWH9f1Vtnml7DChJH+Fn1lBsKQHxoLDsjvXNq6Dg==",
      "license": "MIT",
      "engines": {
        "node": ">=18"
      }
    },
    "node_modules/demo-http-client": {
      "version": "2.3.1",
      "resolved": "https://registry.npmjs.org/demo-http-client/-/demo-http-client-2.3.1.tgz",
      "integrity": "sha512-cDfTHt7BE0jDcqClZ+4KmHo+wBJxGAMaaBw9bXoprvEaSxpPe/3FrJC33TSecfYvTSWII57+3ZlgnByoO1aBRw==",
      "license": "Apache-2.0",
      "dependencies": {
        "demo-mime-types": "^3.0.2"
      },
      "engines": {
        "node": ">=20.11"
      }
    },
    "node_modules/demo-mime-types": {
      "version": "3.0.2",
      "resolved": "https://registry.npmjs.org/demo-mime-types/-/demo-mime-types-3.0.2.tgz",
      "integrity": "sha512-v/AicovqhA+aa5Qy6gbgOHXmelYgZ+/WUGuuml3isujdrlBurlpzJxlliG075OjuMd8L4IPPZcS7NyadU2kjbA==",
      "license": "MIT",
      "engines": {
        "node": ">=18"
      }
    },
    "node_modules/demo-test-runner": {
      "version": "4.2.1",
      "resolved": "https://registry.npmjs.org/demo-test-runner/-/demo-test-runner-4.2.1.tgz",
      "integrity": "sha512-8Ni8DX9jwlYuNxMxUSOt55JCWPUtZA9IpsP+AMcE+Djn4APRrgRg1HmIQkW3otumXUnStpCoA4KKYOpb4BNf3g==",
      "dev": true,
      "license": "MIT",
      "engines": {
        "node": ">=20.11"
      }
    },
    "node_modules/trustdiff-demo-logger": {
      "version": "1.8.4",
      "resolved": "https://registry.npmjs.org/trustdiff-demo-logger/-/trustdiff-demo-logger-1.8.4.tgz",
      "integrity": "sha512-GD7qj/IK/6SbGphmz4HqVw5j6rE4LpqgyT/gIg5uKhiRe0/K/Lj0f7RGcN3xEzo0irxLhsdjT/f/9bM0VLwa0A==",
      "license": "MIT",
      "dependencies": {
        "demo-color-tty": "^1.2.5"
      },
      "engines": {
        "node": ">=18"
      }
    }
  }
}
