# THIS IS AN AUTOGENERATED FILE. DO NOT EDIT THIS FILE DIRECTLY.
# yarn lockfile v1


"from-git@git+ssh://git@github.com/example/from-git.git#1.2.3":
  version "1.2.3"
  resolved "git+ssh://git@github.com/example/from-git.git#0d1b2c3d4e5f60718293a4b5c6d7e8f901234567"

"from-github@example/from-github#v2.0.0":
  version "2.0.0"
  resolved "https://codeload.github.com/example/from-github/tar.gz/0d1b2c3d4e5f60718293a4b5c6d7e8f901234567"

"from-tarball@https://example.com/packages/from-tarball-3.0.0.tgz":
  version "3.0.0"
  resolved "https://example.com/packages/from-tarball-3.0.0.tgz#1111111111111111111111111111111111111111"
  integrity sha512-AAAAAAAAAAAAAAAAAAAAAAAAAAAAAAAAAAAAAAAAAAAAAAAAAAAAAAAAAAAAAAAAAAAAAAAAAAAAAAAAAAAAAAAAAAAAAAAAAAAAAAAAAAAAAAAAAAAAAAAAAAAAAAAAAAAA==

"from-folder@file:./vendor/from-folder":
  version "4.0.0"

"legacy-sha1@^1.0.0":
  version "1.0.4"
  resolved "https://registry.yarnpkg.com/legacy-sha1/-/legacy-sha1-1.0.4.tgz#2222222222222222222222222222222222222222"

"no-version@^5.0.0":
  resolved "https://registry.yarnpkg.com/no-version/-/no-version-5.0.0.tgz#3333333333333333333333333333333333333333"
  integrity sha512-BBBBBBBBBBBBBBBBBBBBBBBBBBBBBBBBBBBBBBBBBBBBBBBBBBBBBBBBBBBBBBBBBBBBBBBBBBBBBBBBBBBBBBBBBBBBBBBBBBBBBBBBBBBBBBBBBBBBBBBBBBBBBBBBBBBB==
