# This file is generated by running "yarn install" inside your project.
# Manual changes might be lost - proceed with caution!

__metadata:
  version: 8
  cacheKey: 10

"@acme/widgets@npm:^1.0.0":
  version: 1.4.2
  resolution: "@acme/widgets@npm:1.4.2"
  checksum: 10c0/9beab31e8fdb044acb519ac3fd6943a8ad976cf69526f14797bcb0a80871e890efd52b333ceb0d538d68544690b2c67980236907ee6bd169aaa5ec8c932f5a51
  languageName: node
  linkType: hard

"dev-only-tool@npm:^3.0.0":
  version: 3.2.0
  resolution: "dev-only-tool@npm:3.2.0"
  checksum: 10c0/67427a3240a9ac46b7164422ad1ab64cb3e1474a58b3a37bdc045e248d9cb3467b8a740d8d8dc082d91dfa1f1c7e6c606a73c1a0a7ad9c10779b7f54edd8013a
  languageName: node
  linkType: hard

"edge-cases@workspace:.":
  version: 0.0.0-use.local
  resolution: "edge-cases@workspace:."
  dependencies:
    "@acme/widgets": "npm:^1.0.0"
    from-git: "https://github.com/example/from-git.git#head=main"
    from-git-ssh: "git+ssh://git@example.test/example/ssh-dep.git#head=main"
    from-tarball: "https://files.example.test/from-tarball-2.0.0.tgz"
    generated: "exec:./generate.js"
    local-folder: "file:./vendor/local-folder"
    local-link: "link:./vendor/local-link"
    local-portal: "portal:./vendor/local-portal"
    member: "workspace:^"
    native-only: "npm:^2.0.0"
    patched-git: "https://github.com/example/patched-git.git#head=main"
    patched-tool: "npm:^4.0.0"
    widgets-v1: "npm:@acme/widgets@^1.0.0"
  devDependencies:
    dev-only-tool: "npm:^3.0.0"
  dependenciesMeta:
    native-only:
      optional: true
  languageName: unknown
  linkType: soft

"from-git-ssh@git+ssh://git@example.test/example/ssh-dep.git#head=main":
  version: 1.0.0
  resolution: "from-git-ssh@git+ssh://git@example.test/example/ssh-dep.git#commit=4f1d2c6f6b0e2f2f3c9f0f1a2b3c4d5e6f708192"
  checksum: 10c0/e9238b3d90bfe68a52072c385e2c79411b71df94337ed5ef105c885cfad042b12e69564071ee2dd9904462578bfd3f4db93824212d1d6a934c5ec6ba409a80da
  languageName: node
  linkType: hard

"from-git@https://github.com/example/from-git.git#head=main":
  version: 3.1.0
  resolution: "from-git@https://github.com/example/from-git.git#commit=9f8e7d6c5b4a39281706f5e4d3c2b1a09f8e7d6c"
  checksum: 10c0/25f16b249a8a7939884c1ccd03303fec39afa01644bdaa149fe956af608bef19d5d14cdb8041df32197041c6a8ca69b4f4738e5c99e8ad837eb54c76841b6e92
  languageName: node
  linkType: hard

"from-tarball@https://files.example.test/from-tarball-2.0.0.tgz":
  version: 2.0.0
  resolution: "from-tarball@https://files.example.test/from-tarball-2.0.0.tgz"
  checksum: 10c0/19486d0fc96e3f1de73262ea5b67d760e78d1568e880639e2b782a331433e67ac27fd43346552799f0fcaa5a04b5092e5d02d2467e75b846ee2e3d7696ac12f1
  languageName: node
  linkType: hard

"generated@exec:./generate.js":
  version: 0.0.0
  resolution: "generated@exec:./generate.js#./generate.js::hash=1a2b3c&locator=edge-cases%40workspace%3A."
  checksum: 10c0/dd0c38cfcf655a9cf8cac5c5af7c5d710b7374ed224f0ac2ea442ee95fb550ec37e5ef40c1d60eea4e3fa977d952c711d965041ed713ad39a8b4acca37c0822f
  languageName: node
  linkType: hard

"local-folder@file:./vendor/local-folder":
  version: 1.0.0
  resolution: "local-folder@file:./vendor/local-folder::locator=edge-cases%40workspace%3A."
  checksum: 10c0/3293e25c8c1c8a047ff7687659b40b9c1720bd9221b7f9eccd1c6c3907fcf04de9ce65a1134d31d1e3f362241da2bd3d55fc0b724e567bfe04cee43c35b6f45e
  languageName: node
  linkType: hard

"local-link@link:./vendor/local-link":
  version: 0.0.0-use.local
  resolution: "local-link@link:./vendor/local-link::locator=edge-cases%40workspace%3A."
  languageName: node
  linkType: soft

"local-portal@portal:./vendor/local-portal":
  version: 2.5.0
  resolution: "local-portal@portal:./vendor/local-portal::locator=edge-cases%40workspace%3A."
  checksum: 10c0/edef383e6d0a7290e7c15be049efa9ee810a0a2479f5a8cd2dd3d2dff010078d99ff9be06b45287286249473e2c1fedc1c85e7b33857e75ffeef5a8f837a47e3
  languageName: node
  linkType: soft

"member@workspace:^, member@workspace:packages/member":
  version: 0.0.0-use.local
  resolution: "member@workspace:packages/member"
  dependencies:
    transitive: "npm:^5.0.0"
  languageName: unknown
  linkType: soft

"native-only@npm:^2.0.0":
  version: 2.1.0
  resolution: "native-only@npm:2.1.0"
  checksum: 10c0/ea00aff618f12c08403e9837b9b40f5a49fcb16b11c83168c1020731ce63b460833167688c828ad357741c6dbbe569b9d4cbbe670d8b0317a2266b06f89ac84d
  conditions: os=darwin
  languageName: node
  linkType: hard

"patched-git@https://github.com/example/patched-git.git#head=main":
  version: 1.1.0
  resolution: "patched-git@patch:patched-git@https%3A//github.com/example/patched-git.git%23commit%3D0f1e2d3c4b5a69788796a5b4c3d2e1f00f1e2d3c#./.yarn/patches/patched-git.patch::version=1.1.0&hash=5c1d2e"
  checksum: 10c0/a0c0628d986499f94605f668e056c5fb1dfa924d5ecd47415c9e782fb3a4d208e6a27e79eded7f58a3d4d085ef3679fc626879b5bdae8384c24da88cdd87b968
  languageName: node
  linkType: hard

"patched-tool@npm:^4.0.0":
  version: 4.0.1
  resolution: "patched-tool@patch:patched-tool@npm%3A4.0.1#./.yarn/patches/patched-tool-npm-4.0.1.patch::version=4.0.1&hash=9a8b7c"
  checksum: 10c0/0993bb885a581af5237c4ec2b2cb01249369bb9584d225a14a357d6cba0279501f6d21798d5779f5675b66f5c14d2e82ef938f4787a04d6b40bd9679e2ee3048
  languageName: node
  linkType: hard

"transitive@npm:^5.0.0":
  version: 5.4.0
  resolution: "transitive@npm:5.4.0"
  languageName: node
  linkType: hard

"widgets-v1@npm:@acme/widgets@^1.0.0":
  version: 1.4.2
  resolution: "@acme/widgets@npm:1.4.2"
  checksum: 10c0/9beab31e8fdb044acb519ac3fd6943a8ad976cf69526f14797bcb0a80871e890efd52b333ceb0d538d68544690b2c67980236907ee6bd169aaa5ec8c932f5a51
  languageName: node
  linkType: hard
