# This file is generated by running "yarn install" inside your project.
# Manual changes might be lost - proceed with caution!

__metadata:
  version: 8
  cacheKey: 10

"@acme/widgets@npm:^1.0.0":
  version: 1.4.2
  resolution: "@acme/widgets@npm:1.4.2"
  checksum: 10c0/9beab31e8fdb044acb519ac3fd6943a8ad976cf69526f14797bcb0a80871e890efd52b333ceb0d538d68544690b2c67980236907ee6bd169aaa5ec8c932f5a51
  languageName: node
  linkType: hard

"dev-only-tool@npm:^3.0.0":
  version: 3.2.0
  resolution: "dev-only-